
Microsoft Visual Studio Solution File, Format Version 12.00
# Visual Studio 2012
Project("{2150E333-8FDC-42A3-9474-1A3956D46DE8}") = "1. Client", "1. Client", "{4A6F74BE-5552-4A1C-B123-C388349D02EE}"
EndProject
Project("{2150E333-8FDC-42A3-9474-1A3956D46DE8}") = "2. Server", "2. Server", "{C5439A76-0920-405D-9FC1-AA81F06675DF}"
EndProject
Project("{2150E333-8FDC-42A3-9474-1A3956D46DE8}") = "1.0 Presentation", "1.0 Presentation", "{2C808FDB-E4B6-49ED-957C-9C3302F458F0}"
EndProject
Project("{2150E333-8FDC-42A3-9474-1A3956D46DE8}") = "2.0 Distributed Services", "2.0 Distributed Services", "{DBF70132-65A6-4B1B-933A-9FBEF22DBCA9}"
EndProject
Project("{2150E333-8FDC-42A3-9474-1A3956D46DE8}") = "2.1 Application", "2.1 Application", "{7B8DB4E6-CEB9-47F7-A789-5E932CE9F80B}"
EndProject
Project("{2150E333-8FDC-42A3-9474-1A3956D46DE8}") = "2.2 Domain", "2.2 Domain", "{F4EB806D-D6CB-434C-96CF-461B8239A820}"
EndProject
Project("{2150E333-8FDC-42A3-9474-1A3956D46DE8}") = "2.3 Infraestructure", "2.3 Infraestructure", "{DF99246E-28A3-47C6-AC5A-7E5C24140205}"
EndProject
Project("{2150E333-8FDC-42A3-9474-1A3956D46DE8}") = "2.3.1 BoundedContext", "2.3.1 BoundedContext", "{B8D9A2B6-ACF1-4D51-A63A-0704E0915786}"
EndProject
Project("{FAE04EC0-301F-11D3-BF4B-00C04F79EFBC}") = "Engineer.Net.Infraestructure.BoundedContext", "Engineer.Net.Infraestructure.BoundedContext\Engineer.Net.Infraestructure.BoundedContext.csproj", "{4ECAEE41-9527-4A13-8C4F-6C0C7EF272CA}"
EndProject
Project("{2150E333-8FDC-42A3-9474-1A3956D46DE8}") = "2.2.1 BoundedContext", "2.2.1 BoundedContext", "{5E334E3C-6B6A-4AF7-B2EF-A7B047896EF4}"
EndProject
Project("{FAE04EC0-301F-11D3-BF4B-00C04F79EFBC}") = "Engineer.Net.Domain.BoundedContext", "Engineer.Net.Domain.BoundedContext\Engineer.Net.Domain.BoundedContext.csproj", "{C2D29B0D-6ADC-4B13-996E-EC1A9E48D2D3}"
EndProject
Project("{2150E333-8FDC-42A3-9474-1A3956D46DE8}") = "2.1.1 BoundedContext", "2.1.1 BoundedContext", "{E12F1FC5-0F90-4255-B128-9B4338536624}"
EndProject
Project("{FAE04EC0-301F-11D3-BF4B-00C04F79EFBC}") = "Engineer.Net.Application.BoundedContext", "Engineer.Net.Application.BoundedContext\Engineer.Net.Application.BoundedContext.csproj", "{685399B8-D5DB-4304-AADA-33EBEAAF4449}"
EndProject
Project("{2150E333-8FDC-42A3-9474-1A3956D46DE8}") = "2.0.1 BoundedContext", "2.0.1 BoundedContext", "{D3ACCC0B-3F22-4AAB-9B8E-4D1CE0576815}"
EndProject
Project("{2150E333-8FDC-42A3-9474-1A3956D46DE8}") = "1.0.1 BoundedContext", "1.0.1 BoundedContext", "{314C4397-DEB6-43A4-9BB3-83FE33CF6A2A}"
EndProject
Project("{FAE04EC0-301F-11D3-BF4B-00C04F79EFBC}") = "Engineer.Net.DistributedService.BoundedContext", "Engineer.Net.DistributedService.BoundedContext\Engineer.Net.DistributedService.BoundedContext.csproj", "{6BF1BC4B-68C1-4BA1-8A65-977B65D83B9A}"
EndProject
Project("{FAE04EC0-301F-11D3-BF4B-00C04F79EFBC}") = "Engineer.Net.Presentation.BoundedContext", "Engineer.Net.Presentation.BoundedContext\Engineer.Net.Presentation.BoundedContext.csproj", "{CCF081D1-DFCB-4649-8AAA-466C585570F0}"
EndProject
Global
	GlobalSection(SolutionConfigurationPlatforms) = preSolution
		Debug|Any CPU = Debug|Any CPU
		Release|Any CPU = Release|Any CPU
	EndGlobalSection
	GlobalSection(ProjectConfigurationPlatforms) = postSolution
		{4ECAEE41-9527-4A13-8C4F-6C0C7EF272CA}.Debug|Any CPU.ActiveCfg = Debug|Any CPU
		{4ECAEE41-9527-4A13-8C4F-6C0C7EF272CA}.Debug|Any CPU.Build.0 = Debug|Any CPU
		{4ECAEE41-9527-4A13-8C4F-6C0C7EF272CA}.Release|Any CPU.ActiveCfg = Release|Any CPU
		{4ECAEE41-9527-4A13-8C4F-6C0C7EF272CA}.Release|Any CPU.Build.0 = Release|Any CPU
		{C2D29B0D-6ADC-4B13-996E-EC1A9E48D2D3}.Debug|Any CPU.ActiveCfg = Debug|Any CPU
		{C2D29B0D-6ADC-4B13-996E-EC1A9E48D2D3}.Debug|Any CPU.Build.0 = Debug|Any CPU
		{C2D29B0D-6ADC-4B13-996E-EC1A9E48D2D3}.Release|Any CPU.ActiveCfg = Release|Any CPU
		{C2D29B0D-6ADC-4B13-996E-EC1A9E48D2D3}.Release|Any CPU.Build.0 = Release|Any CPU
		{685399B8-D5DB-4304-AADA-33EBEAAF4449}.Debug|Any CPU.ActiveCfg = Debug|Any CPU
		{685399B8-D5DB-4304-AADA-33EBEAAF4449}.Debug|Any CPU.Build.0 = Debug|Any CPU
		{685399B8-D5DB-4304-AADA-33EBEAAF4449}.Release|Any CPU.ActiveCfg = Release|Any CPU
		{685399B8-D5DB-4304-AADA-33EBEAAF4449}.Release|Any CPU.Build.0 = Release|Any CPU
		{6BF1BC4B-68C1-4BA1-8A65-977B65D83B9A}.Debug|Any CPU.ActiveCfg = Debug|Any CPU
		{6BF1BC4B-68C1-4BA1-8A65-977B65D83B9A}.Debug|Any CPU.Build.0 = Debug|Any CPU
		{6BF1BC4B-68C1-4BA1-8A65-977B65D83B9A}.Release|Any CPU.ActiveCfg = Release|Any CPU
		{6BF1BC4B-68C1-4BA1-8A65-977B65D83B9A}.Release|Any CPU.Build.0 = Release|Any CPU
		{CCF081D1-DFCB-4649-8AAA-466C585570F0}.Debug|Any CPU.ActiveCfg = Debug|Any CPU
		{CCF081D1-DFCB-4649-8AAA-466C585570F0}.Debug|Any CPU.Build.0 = Debug|Any CPU
		{CCF081D1-DFCB-4649-8AAA-466C585570F0}.Release|Any CPU.ActiveCfg = Release|Any CPU
		{CCF081D1-DFCB-4649-8AAA-466C585570F0}.Release|Any CPU.Build.0 = Release|Any CPU
	EndGlobalSection
	GlobalSection(SolutionProperties) = preSolution
		HideSolutionNode = FALSE
	EndGlobalSection
	GlobalSection(NestedProjects) = preSolution
		{2C808FDB-E4B6-49ED-957C-9C3302F458F0} = {4A6F74BE-5552-4A1C-B123-C388349D02EE}
		{DBF70132-65A6-4B1B-933A-9FBEF22DBCA9} = {C5439A76-0920-405D-9FC1-AA81F06675DF}
		{7B8DB4E6-CEB9-47F7-A789-5E932CE9F80B} = {C5439A76-0920-405D-9FC1-AA81F06675DF}
		{F4EB806D-D6CB-434C-96CF-461B8239A820} = {C5439A76-0920-405D-9FC1-AA81F06675DF}
		{DF99246E-28A3-47C6-AC5A-7E5C24140205} = {C5439A76-0920-405D-9FC1-AA81F06675DF}
		{314C4397-DEB6-43A4-9BB3-83FE33CF6A2A} = {2C808FDB-E4B6-49ED-957C-9C3302F458F0}
		{D3ACCC0B-3F22-4AAB-9B8E-4D1CE0576815} = {DBF70132-65A6-4B1B-933A-9FBEF22DBCA9}
		{E12F1FC5-0F90-4255-B128-9B4338536624} = {7B8DB4E6-CEB9-47F7-A789-5E932CE9F80B}
		{5E334E3C-6B6A-4AF7-B2EF-A7B047896EF4} = {F4EB806D-D6CB-434C-96CF-461B8239A820}
		{B8D9A2B6-ACF1-4D51-A63A-0704E0915786} = {DF99246E-28A3-47C6-AC5A-7E5C24140205}
		{4ECAEE41-9527-4A13-8C4F-6C0C7EF272CA} = {B8D9A2B6-ACF1-4D51-A63A-0704E0915786}
		{C2D29B0D-6ADC-4B13-996E-EC1A9E48D2D3} = {5E334E3C-6B6A-4AF7-B2EF-A7B047896EF4}
		{685399B8-D5DB-4304-AADA-33EBEAAF4449} = {E12F1FC5-0F90-4255-B128-9B4338536624}
		{6BF1BC4B-68C1-4BA1-8A65-977B65D83B9A} = {D3ACCC0B-3F22-4AAB-9B8E-4D1CE0576815}
		{CCF081D1-DFCB-4649-8AAA-466C585570F0} = {314C4397-DEB6-43A4-9BB3-83FE33CF6A2A}
	EndGlobalSection
EndGlobal
